// !$*UTF8*$!
{
	archiveVersion = 1;
	classes = {
	};
	objectVersion = 55;
	objects = {

/* Begin PBXBuildFile section */
		04510C602A01466A00873A1E /* TableViewCell.swift in Sources */ = {isa = PBXBuildFile; fileRef = 04510C5E2A01466A00873A1E /* TableViewCell.swift */; };
		04510C612A01466A00873A1E /* TableViewCell.xib in Resources */ = {isa = PBXBuildFile; fileRef = 04510C5F2A01466A00873A1E /* TableViewCell.xib */; };
		04510C842A015E5A00873A1E /* DetailBookViewController.swift in Sources */ = {isa = PBXBuildFile; fileRef = 04510C832A015E5A00873A1E /* DetailBookViewController.swift */; };
		04B57C692A0A3CD200F7855C /* LoadBookManager.swift in Sources */ = {isa = PBXBuildFile; fileRef = 04B57C682A0A3CD200F7855C /* LoadBookManager.swift */; };
		04F4E1C929F814A400CC36CE /* AppDelegate.swift in Sources */ = {isa = PBXBuildFile; fileRef = 04F4E1C829F814A400CC36CE /* AppDelegate.swift */; };
		04F4E1CB29F814A400CC36CE /* SceneDelegate.swift in Sources */ = {isa = PBXBuildFile; fileRef = 04F4E1CA29F814A400CC36CE /* SceneDelegate.swift */; };
		04F4E1CD29F814A400CC36CE /* ViewController.swift in Sources */ = {isa = PBXBuildFile; fileRef = 04F4E1CC29F814A400CC36CE /* ViewController.swift */; };
		04F4E1D029F814A400CC36CE /* Main.storyboard in Resources */ = {isa = PBXBuildFile; fileRef = 04F4E1CE29F814A400CC36CE /* Main.storyboard */; };
		04F4E1D229F814B300CC36CE /* Assets.xcassets in Resources */ = {isa = PBXBuildFile; fileRef = 04F4E1D129F814B300CC36CE /* Assets.xcassets */; };
		04F4E1D529F814B300CC36CE /* LaunchScreen.storyboard in Resources */ = {isa = PBXBuildFile; fileRef = 04F4E1D329F814B300CC36CE /* LaunchScreen.storyboard */; };
		04F4E1ED29F8261E00CC36CE /* BookData.swift in Sources */ = {isa = PBXBuildFile; fileRef = 04F4E1EC29F8261E00CC36CE /* BookData.swift */; };
		828C05E62B1394BE005CE477 /* no-image-icon.png in Resources */ = {isa = PBXBuildFile; fileRef = 828C05E52B1394BE005CE477 /* no-image-icon.png */; };
/* End PBXBuildFile section */

/* Begin PBXFileReference section */
		04510C5E2A01466A00873A1E /* TableViewCell.swift */ = {isa = PBXFileReference; lastKnownFileType = sourcecode.swift; path = TableViewCell.swift; sourceTree = "<group>"; };
		04510C5F2A01466A00873A1E /* TableViewCell.xib */ = {isa = PBXFileReference; lastKnownFileType = file.xib; path = TableViewCell.xib; sourceTree = "<group>"; };
		04510C832A015E5A00873A1E /* DetailBookViewController.swift */ = {isa = PBXFileReference; lastKnownFileType = sourcecode.swift; path = DetailBookViewController.swift; sourceTree = "<group>"; };
		04B57C682A0A3CD200F7855C /* LoadBookManager.swift */ = {isa = PBXFileReference; lastKnownFileType = sourcecode.swift; path = LoadBookManager.swift; sourceTree = "<group>"; };
		04F4E1C529F814A400CC36CE /* ListOfBooks.app */ = {isa = PBXFileReference; explicitFileType = wrapper.application; includeInIndex = 0; path = ListOfBooks.app; sourceTree = BUILT_PRODUCTS_DIR; };
		04F4E1C829F814A400CC36CE /* AppDelegate.swift */ = {isa = PBXFileReference; lastKnownFileType = sourcecode.swift; path = AppDelegate.swift; sourceTree = "<group>"; };
		04F4E1CA29F814A400CC36CE /* SceneDelegate.swift */ = {isa = PBXFileReference; lastKnownFileType = sourcecode.swift; path = SceneDelegate.swift; sourceTree = "<group>"; };
		04F4E1CC29F814A400CC36CE /* ViewController.swift */ = {isa = PBXFileReference; lastKnownFileType = sourcecode.swift; path = ViewController.swift; sourceTree = "<group>"; };
		04F4E1CF29F814A400CC36CE /* Base */ = {isa = PBXFileReference; lastKnownFileType = file.storyboard; name = Base; path = Base.lproj/Main.storyboard; sourceTree = "<group>"; };
		04F4E1D129F814B300CC36CE /* Assets.xcassets */ = {isa = PBXFileReference; lastKnownFileType = folder.assetcatalog; path = Assets.xcassets; sourceTree = "<group>"; };
		04F4E1D429F814B300CC36CE /* Base */ = {isa = PBXFileReference; lastKnownFileType = file.storyboard; name = Base; path = Base.lproj/LaunchScreen.storyboard; sourceTree = "<group>"; };
		04F4E1D629F814B300CC36CE /* Info.plist */ = {isa = PBXFileReference; lastKnownFileType = text.plist.xml; path = Info.plist; sourceTree = "<group>"; };
		04F4E1EC29F8261E00CC36CE /* BookData.swift */ = {isa = PBXFileReference; lastKnownFileType = sourcecode.swift; path = BookData.swift; sourceTree = "<group>"; };
		828C05E52B1394BE005CE477 /* no-image-icon.png */ = {isa = PBXFileReference; lastKnownFileType = image.png; name = "no-image-icon.png"; path = "../../../no-image-icon.png"; sourceTree = "<group>"; };
/* End PBXFileReference section */

/* Begin PBXFrameworksBuildPhase section */
		04F4E1C229F814A400CC36CE /* Frameworks */ = {
			isa = PBXFrameworksBuildPhase;
			buildActionMask = 2147483647;
			files = (
			);
			runOnlyForDeploymentPostprocessing = 0;
		};
/* End PBXFrameworksBuildPhase section */

/* Begin PBXGroup section */
		04510C822A015A7E00873A1E /* TableViewCell */ = {
			isa = PBXGroup;
			children = (
				04510C5E2A01466A00873A1E /* TableViewCell.swift */,
				04510C5F2A01466A00873A1E /* TableViewCell.xib */,
			);
			path = TableViewCell;
			sourceTree = "<group>";
		};
		04A575ED2A0ABB99000B6D6E /* controllers */ = {
			isa = PBXGroup;
			children = (
				04510C832A015E5A00873A1E /* DetailBookViewController.swift */,
				04F4E1CC29F814A400CC36CE /* ViewController.swift */,
			);
			path = controllers;
			sourceTree = "<group>";
		};
		04A575EE2A0ABBC7000B6D6E /* loadManager */ = {
			isa = PBXGroup;
			children = (
				04B57C682A0A3CD200F7855C /* LoadBookManager.swift */,
			);
			path = loadManager;
			sourceTree = "<group>";
		};
		04F4E1BC29F814A400CC36CE = {
			isa = PBXGroup;
			children = (
				04F4E1C729F814A400CC36CE /* ListOfBooks */,
				04F4E1C629F814A400CC36CE /* Products */,
			);
			sourceTree = "<group>";
		};
		04F4E1C629F814A400CC36CE /* Products */ = {
			isa = PBXGroup;
			children = (
				04F4E1C529F814A400CC36CE /* ListOfBooks.app */,
			);
			name = Products;
			sourceTree = "<group>";
		};
		04F4E1C729F814A400CC36CE /* ListOfBooks */ = {
			isa = PBXGroup;
			children = (
				04F4E1C829F814A400CC36CE /* AppDelegate.swift */,
				04F4E1CA29F814A400CC36CE /* SceneDelegate.swift */,
				04510C822A015A7E00873A1E /* TableViewCell */,
				04A575ED2A0ABB99000B6D6E /* controllers */,
				04A575EE2A0ABBC7000B6D6E /* loadManager */,
				04F4E1EC29F8261E00CC36CE /* BookData.swift */,
				04F4E1CE29F814A400CC36CE /* Main.storyboard */,
				04F4E1D129F814B300CC36CE /* Assets.xcassets */,
				04F4E1D329F814B300CC36CE /* LaunchScreen.storyboard */,
				04F4E1D629F814B300CC36CE /* Info.plist */,
				828C05E52B1394BE005CE477 /* no-image-icon.png */,
			);
			path = ListOfBooks;
			sourceTree = "<group>";
		};
/* End PBXGroup section */

/* Begin PBXNativeTarget section */
		04F4E1C429F814A400CC36CE /* ListOfBooks */ = {
			isa = PBXNativeTarget;
			buildConfigurationList = 04F4E1D929F814B300CC36CE /* Build configuration list for PBXNativeTarget "ListOfBooks" */;
			buildPhases = (
				04F4E1C129F814A400CC36CE /* Sources */,
				04F4E1C229F814A400CC36CE /* Frameworks */,
				04F4E1C329F814A400CC36CE /* Resources */,
			);
			buildRules = (
			);
			dependencies = (
			);
			name = ListOfBooks;
			productName = ListOfBooks;
			productReference = 04F4E1C529F814A400CC36CE /* ListOfBooks.app */;
			productType = "com.apple.product-type.application";
		};
/* End PBXNativeTarget section */

/* Begin PBXProject section */
		04F4E1BD29F814A400CC36CE /* Project object */ = {
			isa = PBXProject;
			attributes = {
				BuildIndependentTargetsInParallel = 1;
				LastSwiftUpdateCheck = 1320;
				LastUpgradeCheck = 1320;
				TargetAttributes = {
					04F4E1C429F814A400CC36CE = {
						CreatedOnToolsVersion = 13.2.1;
					};
				};
			};
			buildConfigurationList = 04F4E1C029F814A400CC36CE /* Build configuration list for PBXProject "ListOfBooks" */;
			compatibilityVersion = "Xcode 13.0";
			developmentRegion = en;
			hasScannedForEncodings = 0;
			knownRegions = (
				en,
				Base,
			);
			mainGroup = 04F4E1BC29F814A400CC36CE;
			productRefGroup = 04F4E1C629F814A400CC36CE /* Products */;
			projectDirPath = "";
			projectRoot = "";
			targets = (
				04F4E1C429F814A400CC36CE /* ListOfBooks */,
			);
		};
/* End PBXProject section */

/* Begin PBXResourcesBuildPhase section */
		04F4E1C329F814A400CC36CE /* Resources */ = {
			isa = PBXResourcesBuildPhase;
			buildActionMask = 2147483647;
			files = (
				04F4E1D529F814B300CC36CE /* LaunchScreen.storyboard in Resources */,
				04510C612A01466A00873A1E /* TableViewCell.xib in Resources */,
				04F4E1D229F814B300CC36CE /* Assets.xcassets in Resources */,
				828C05E62B1394BE005CE477 /* no-image-icon.png in Resources */,
				04F4E1D029F814A400CC36CE /* Main.storyboard in Resources */,
			);
			runOnlyForDeploymentPostprocessing = 0;
		};
/* End PBXResourcesBuildPhase section */

/* Begin PBXSourcesBuildPhase section */
		04F4E1C129F814A400CC36CE /* Sources */ = {
			isa = PBXSourcesBuildPhase;
			buildActionMask = 2147483647;
			files = (
				04F4E1CD29F814A400CC36CE /* ViewController.swift in Sources */,
				04F4E1ED29F8261E00CC36CE /* BookData.swift in Sources */,
				04510C602A01466A00873A1E /* TableViewCell.swift in Sources */,
				04F4E1C929F814A400CC36CE /* AppDelegate.swift in Sources */,
				04B57C692A0A3CD200F7855C /* LoadBookManager.swift in Sources */,
				04510C842A015E5A00873A1E /* DetailBookViewController.swift in Sources */,
				04F4E1CB29F814A400CC36CE /* SceneDelegate.swift in Sources */,
			);
			runOnlyForDeploymentPostprocessing = 0;
		};
/* End PBXSourcesBuildPhase section */

/* Begin PBXVariantGroup section */
		04F4E1CE29F814A400CC36CE /* Main.storyboard */ = {
			isa = PBXVariantGroup;
			children = (
				04F4E1CF29F814A400CC36CE /* Base */,
			);
			name = Main.storyboard;
			sourceTree = "<group>";
		};
		04F4E1D329F814B300CC36CE /* LaunchScreen.storyboard */ = {
			isa = PBXVariantGroup;
			children = (
				04F4E1D429F814B300CC36CE /* Base */,
			);
			name = LaunchScreen.storyboard;
			sourceTree = "<group>";
		};
/* End PBXVariantGroup section */

/* Begin XCBuildConfiguration section */
		04F4E1D729F814B300CC36CE /* Debug */ = {
			isa = XCBuildConfiguration;
			buildSettings = {
				ALWAYS_SEARCH_USER_PATHS = NO;
				CLANG_ANALYZER_NONNULL = YES;
				CLANG_ANALYZER_NUMBER_OBJECT_CONVERSION = YES_AGGRESSIVE;
				CLANG_CXX_LANGUAGE_STANDARD = "gnu++17";
				CLANG_CXX_LIBRARY = "libc++";
				CLANG_ENABLE_MODULES = YES;
				CLANG_ENABLE_OBJC_ARC = YES;
				CLANG_ENABLE_OBJC_WEAK = YES;
				CLANG_WARN_BLOCK_CAPTURE_AUTORELEASING = YES;
				CLANG_WARN_BOOL_CONVERSION = YES;
				CLANG_WARN_COMMA = YES;
				CLANG_WARN_CONSTANT_CONVERSION = YES;
				CLANG_WARN_DEPRECATED_OBJC_IMPLEMENTATIONS = YES;
				CLANG_WARN_DIRECT_OBJC_ISA_USAGE = YES_ERROR;
				CLANG_WARN_DOCUMENTATION_COMMENTS = YES;
				CLANG_WARN_EMPTY_BODY = YES;
				CLANG_WARN_ENUM_CONVERSION = YES;
				CLANG_WARN_INFINITE_RECURSION = YES;
				CLANG_WARN_INT_CONVERSION = YES;
				CLANG_WARN_NON_LITERAL_NULL_CONVERSION = YES;
				CLANG_WARN_OBJC_IMPLICIT_RETAIN_SELF = YES;
				CLANG_WARN_OBJC_LITERAL_CONVERSION = YES;
				CLANG_WARN_OBJC_ROOT_CLASS = YES_ERROR;
				CLANG_WARN_QUOTED_INCLUDE_IN_FRAMEWORK_HEADER = YES;
				CLANG_WARN_RANGE_LOOP_ANALYSIS = YES;
				CLANG_WARN_STRICT_PROTOTYPES = YES;
				CLANG_WARN_SUSPICIOUS_MOVE = YES;
				CLANG_WARN_UNGUARDED_AVAILABILITY = YES_AGGRESSIVE;
				CLANG_WARN_UNREACHABLE_CODE = YES;
				CLANG_WARN__DUPLICATE_METHOD_MATCH = YES;
				COPY_PHASE_STRIP = NO;
				DEBUG_INFORMATION_FORMAT = dwarf;
				ENABLE_STRICT_OBJC_MSGSEND = YES;
				ENABLE_TESTABILITY = YES;
				GCC_C_LANGUAGE_STANDARD = gnu11;
				GCC_DYNAMIC_NO_PIC = NO;
				GCC_NO_COMMON_BLOCKS = YES;
				GCC_OPTIMIZATION_LEVEL = 0;
				GCC_PREPROCESSOR_DEFINITIONS = (
					"DEBUG=1",
					"$(inherited)",
				);
				GCC_WARN_64_TO_32_BIT_CONVERSION = YES;
				GCC_WARN_ABOUT_RETURN_TYPE = YES_ERROR;
				GCC_WARN_UNDECLARED_SELECTOR = YES;
				GCC_WARN_UNINITIALIZED_AUTOS = YES_AGGRESSIVE;
				GCC_WARN_UNUSED_FUNCTION = YES;
				GCC_WARN_UNUSED_VARIABLE = YES;
				IPHONEOS_DEPLOYMENT_TARGET = 15.2;
				MTL_ENABLE_DEBUG_INFO = INCLUDE_SOURCE;
				MTL_FAST_MATH = YES;
				ONLY_ACTIVE_ARCH = YES;
				SDKROOT = iphoneos;
				SWIFT_ACTIVE_COMPILATION_CONDITIONS = DEBUG;
				SWIFT_OPTIMIZATION_LEVEL = "-Onone";
			};
			name = Debug;
		};
		04F4E1D829F814B300CC36CE /* Release */ = {
			isa = XCBuildConfiguration;
			buildSettings = {
				ALWAYS_SEARCH_USER_PATHS = NO;
				CLANG_ANALYZER_NONNULL = YES;
				CLANG_ANALYZER_NUMBER_OBJECT_CONVERSION = YES_AGGRESSIVE;
				CLANG_CXX_LANGUAGE_STANDARD = "gnu++17";
				CLANG_CXX_LIBRARY = "libc++";
				CLANG_ENABLE_MODULES = YES;
				CLANG_ENABLE_OBJC_ARC = YES;
				CLANG_ENABLE_OBJC_WEAK = YES;
				CLANG_WARN_BLOCK_CAPTURE_AUTORELEASING = YES;
				CLANG_WARN_BOOL_CONVERSION = YES;
				CLANG_WARN_COMMA = YES;
				CLANG_WARN_CONSTANT_CONVERSION = YES;
				CLANG_WARN_DEPRECATED_OBJC_IMPLEMENTATIONS = YES;
				CLANG_WARN_DIRECT_OBJC_ISA_USAGE = YES_ERROR;
				CLANG_WARN_DOCUMENTATION_COMMENTS = YES;
				CLANG_WARN_EMPTY_BODY = YES;
				CLANG_WARN_ENUM_CONVERSION = YES;
				CLANG_WARN_INFINITE_RECURSION = YES;
				CLANG_WARN_INT_CONVERSION = YES;
				CLANG_WARN_NON_LITERAL_NULL_CONVERSION = YES;
				CLANG_WARN_OBJC_IMPLICIT_RETAIN_SELF = YES;
				CLANG_WARN_OBJC_LITERAL_CONVERSION = YES;
				CLANG_WARN_OBJC_ROOT_CLASS = YES_ERROR;
				CLANG_WARN_QUOTED_INCLUDE_IN_FRAMEWORK_HEADER = YES;
				CLANG_WARN_RANGE_LOOP_ANALYSIS = YES;
				CLANG_WARN_STRICT_PROTOTYPES = YES;
				CLANG_WARN_SUSPICIOUS_MOVE = YES;
				CLANG_WARN_UNGUARDED_AVAILABILITY = YES_AGGRESSIVE;
				CLANG_WARN_UNREACHABLE_CODE = YES;
				CLANG_WARN__DUPLICATE_METHOD_MATCH = YES;
				COPY_PHASE_STRIP = NO;
				DEBUG_INFORMATION_FORMAT = "dwarf-with-dsym";
				ENABLE_NS_ASSERTIONS = NO;
				ENABLE_STRICT_OBJC_MSGSEND = YES;
				GCC_C_LANGUAGE_STANDARD = gnu11;
				GCC_NO_COMMON_BLOCKS = YES;
				GCC_WARN_64_TO_32_BIT_CONVERSION = YES;
				GCC_WARN_ABOUT_RETURN_TYPE = YES_ERROR;
				GCC_WARN_UNDECLARED_SELECTOR = YES;
				GCC_WARN_UNINITIALIZED_AUTOS = YES_AGGRESSIVE;
				GCC_WARN_UNUSED_FUNCTION = YES;
				GCC_WARN_UNUSED_VARIABLE = YES;
				IPHONEOS_DEPLOYMENT_TARGET = 15.2;
				MTL_ENABLE_DEBUG_INFO = NO;
				MTL_FAST_MATH = YES;
				SDKROOT = iphoneos;
				SWIFT_COMPILATION_MODE = wholemodule;
				SWIFT_OPTIMIZATION_LEVEL = "-O";
				VALIDATE_PRODUCT = YES;
			};
			name = Release;
		};
		04F4E1DA29F814B300CC36CE /* Debug */ = {
			isa = XCBuildConfiguration;
			buildSettings = {
				ASSETCATALOG_COMPILER_APPICON_NAME = AppIcon;
				ASSETCATALOG_COMPILER_GLOBAL_ACCENT_COLOR_NAME = AccentColor;
				CODE_SIGN_STYLE = Automatic;
				CURRENT_PROJECT_VERSION = 1;
				DEVELOPMENT_TEAM = 5VK9MGNRY3;
				GENERATE_INFOPLIST_FILE = YES;
				INFOPLIST_FILE = ListOfBooks/Info.plist;
				INFOPLIST_KEY_UIApplicationSupportsIndirectInputEvents = YES;
				INFOPLIST_KEY_UILaunchStoryboardName = LaunchScreen;
				INFOPLIST_KEY_UIMainStoryboardFile = Main;
				INFOPLIST_KEY_UISupportedInterfaceOrientations_iPad = "UIInterfaceOrientationPortrait UIInterfaceOrientationPortraitUpsideDown UIInterfaceOrientationLandscapeLeft UIInterfaceOrientationLandscapeRight";
				INFOPLIST_KEY_UISupportedInterfaceOrientations_iPhone = "UIInterfaceOrientationPortrait UIInterfaceOrientationLandscapeLeft UIInterfaceOrientationLandscapeRight";
				LD_RUNPATH_SEARCH_PATHS = (
					"$(inherited)",
					"@executable_path/Frameworks",
				);
				MARKETING_VERSION = 1.0;
				PRODUCT_BUNDLE_IDENTIFIER = com.pavelshymanski.ListOfBooks;
				PRODUCT_NAME = "$(TARGET_NAME)";
				SWIFT_EMIT_LOC_STRINGS = YES;
				SWIFT_VERSION = 5.0;
				TARGETED_DEVICE_FAMILY = "1,2";
			};
			name = Debug;
		};
		04F4E1DB29F814B300CC36CE /* Release */ = {
			isa = XCBuildConfiguration;
			buildSettings = {
				ASSETCATALOG_COMPILER_APPICON_NAME = AppIcon;
				ASSETCATALOG_COMPILER_GLOBAL_ACCENT_COLOR_NAME = AccentColor;
				CODE_SIGN_STYLE = Automatic;
				CURRENT_PROJECT_VERSION = 1;
				DEVELOPMENT_TEAM = 5VK9MGNRY3;
				GENERATE_INFOPLIST_FILE = YES;
				INFOPLIST_FILE = ListOfBooks/Info.plist;
				INFOPLIST_KEY_UIApplicationSupportsIndirectInputEvents = YES;
				INFOPLIST_KEY_UILaunchStoryboardName = LaunchScreen;
				INFOPLIST_KEY_UIMainStoryboardFile = Main;
				INFOPLIST_KEY_UISupportedInterfaceOrientations_iPad = "UIInterfaceOrientationPortrait UIInterfaceOrientationPortraitUpsideDown UIInterfaceOrientationLandscapeLeft UIInterfaceOrientationLandscapeRight";
				INFOPLIST_KEY_UISupportedInterfaceOrientations_iPhone = "UIInterfaceOrientationPortrait UIInterfaceOrientationLandscapeLeft UIInterfaceOrientationLandscapeRight";
				LD_RUNPATH_SEARCH_PATHS = (
					"$(inherited)",
					"@executable_path/Frameworks",
				);
				MARKETING_VERSION = 1.0;
				PRODUCT_BUNDLE_IDENTIFIER = com.pavelshymanski.ListOfBooks;
				PRODUCT_NAME = "$(TARGET_NAME)";
				SWIFT_EMIT_LOC_STRINGS = YES;
				SWIFT_VERSION = 5.0;
				TARGETED_DEVICE_FAMILY = "1,2";
			};
			name = Release;
		};
/* End XCBuildConfiguration section */

/* Begin XCConfigurationList section */
		04F4E1C029F814A400CC36CE /* Build configuration list for PBXProject "ListOfBooks" */ = {
			isa = XCConfigurationList;
			buildConfigurations = (
				04F4E1D729F814B300CC36CE /* Debug */,
				04F4E1D829F814B300CC36CE /* Release */,
			);
			defaultConfigurationIsVisible = 0;
			defaultConfigurationName = Release;
		};
		04F4E1D929F814B300CC36CE /* Build configuration list for PBXNativeTarget "ListOfBooks" */ = {
			isa = XCConfigurationList;
			buildConfigurations = (
				04F4E1DA29F814B300CC36CE /* Debug */,
				04F4E1DB29F814B300CC36CE /* Release */,
			);
			defaultConfigurationIsVisible = 0;
			defaultConfigurationName = Release;
		};
/* End XCConfigurationList section */
	};
	rootObject = 04F4E1BD29F814A400CC36CE /* Project object */;
}
